
Microsoft Visual Studio Solution File, Format Version 12.00
# Visual Studio Version 16
VisualStudioVersion = 16.0.33130.400
MinimumVisualStudioVersion = 10.0.40219.1
Project("{FAE04EC0-301F-11D3-BF4B-00C04F79EFBC}") = "DevopTestConsole", "DevopTestConsole.csproj", "{33F52FF7-0F18-4D89-AF81-6BAA2AC43A53}"
EndProject
Global
	GlobalSection(SolutionConfigurationPlatforms) = preSolution
		Debug|Any CPU = Debug|Any CPU
		Release|Any CPU = Release|Any CPU
	EndGlobalSection
	GlobalSection(ProjectConfigurationPlatforms) = postSolution
		{33F52FF7-0F18-4D89-AF81-6BAA2AC43A53}.Debug|Any CPU.ActiveCfg = Debug|Any CPU
		{33F52FF7-0F18-4D89-AF81-6BAA2AC43A53}.Debug|Any CPU.Build.0 = Debug|Any CPU
		{33F52FF7-0F18-4D89-AF81-6BAA2AC43A53}.Release|Any CPU.ActiveCfg = Release|Any CPU
		{33F52FF7-0F18-4D89-AF81-6BAA2AC43A53}.Release|Any CPU.Build.0 = Release|Any CPU
	EndGlobalSection
	GlobalSection(SolutionProperties) = preSolution
		HideSolutionNode = FALSE
	EndGlobalSection
	GlobalSection(ExtensibilityGlobals) = postSolution
		SolutionGuid = {74A7B5D2-C236-4F0A-ADAC-3DD89AD12BEC}
	EndGlobalSection
EndGlobal
